
Microsoft Visual Studio Solution File, Format Version 12.00
# Visual Studio Version 16
VisualStudioVersion = 16.0.29926.136
MinimumVisualStudioVersion = 10.0.40219.1
Project("{9A19103F-16F7-4668-BE54-9A1E7A4F7556}") = "ObjectAndPoseDetection.CoreConsole", "ObjectAndPoseDetection.CoreConsole\ObjectAndPoseDetection.CoreConsole.csproj", "{EECA8D33-0704-4B4F-8028-B75E9D55A164}"
EndProject
Project("{9A19103F-16F7-4668-BE54-9A1E7A4F7556}") = "ObjectAndPoseDetection.Detector", "ObjectAndPoseDetection.Detector\ObjectAndPoseDetection.Detector.csproj", "{E9556771-6CAC-4A3D-9FE6-B2AEE943A86D}"
EndProject
Project("{888888A0-9F3D-457C-B088-3A5042F75D52}") = "ObjectAndPoseDetection.ModelBuilder", "ObjectAndPoseDetection.ModelBuilder\ObjectAndPoseDetection.ModelBuilder.pyproj", "{1F0F0B26-AE62-4C44-901C-B3A3BE159184}"
EndProject
Project("{FAE04EC0-301F-11D3-BF4B-00C04F79EFBC}") = "ObjectAndPoseDetection.UWP", "ObjectAndPoseDetection.UWP\ObjectAndPoseDetection.UWP.csproj", "{B210F3C0-426A-482D-BE10-BC3EDF53BAA1}"
EndProject
Global
	GlobalSection(SolutionConfigurationPlatforms) = preSolution
		Debug|Any CPU = Debug|Any CPU
		Debug|ARM = Debug|ARM
		Debug|ARM64 = Debug|ARM64
		Debug|x64 = Debug|x64
		Debug|x86 = Debug|x86
		Release|Any CPU = Release|Any CPU
		Release|ARM = Release|ARM
		Release|ARM64 = Release|ARM64
		Release|x64 = Release|x64
		Release|x86 = Release|x86
	EndGlobalSection
	GlobalSection(ProjectConfigurationPlatforms) = postSolution
		{EECA8D33-0704-4B4F-8028-B75E9D55A164}.Debug|Any CPU.ActiveCfg = Debug|Any CPU
		{EECA8D33-0704-4B4F-8028-B75E9D55A164}.Debug|Any CPU.Build.0 = Debug|Any CPU
		{EECA8D33-0704-4B4F-8028-B75E9D55A164}.Debug|ARM.ActiveCfg = Debug|Any CPU
		{EECA8D33-0704-4B4F-8028-B75E9D55A164}.Debug|ARM.Build.0 = Debug|Any CPU
		{EECA8D33-0704-4B4F-8028-B75E9D55A164}.Debug|ARM64.ActiveCfg = Debug|Any CPU
		{EECA8D33-0704-4B4F-8028-B75E9D55A164}.Debug|ARM64.Build.0 = Debug|Any CPU
		{EECA8D33-0704-4B4F-8028-B75E9D55A164}.Debug|x64.ActiveCfg = Debug|Any CPU
		{EECA8D33-0704-4B4F-8028-B75E9D55A164}.Debug|x64.Build.0 = Debug|Any CPU
		{EECA8D33-0704-4B4F-8028-B75E9D55A164}.Debug|x86.ActiveCfg = Debug|Any CPU
		{EECA8D33-0704-4B4F-8028-B75E9D55A164}.Debug|x86.Build.0 = Debug|Any CPU
		{EECA8D33-0704-4B4F-8028-B75E9D55A164}.Release|Any CPU.ActiveCfg = Release|Any CPU
		{EECA8D33-0704-4B4F-8028-B75E9D55A164}.Release|Any CPU.Build.0 = Release|Any CPU
		{EECA8D33-0704-4B4F-8028-B75E9D55A164}.Release|ARM.ActiveCfg = Release|Any CPU
		{EECA8D33-0704-4B4F-8028-B75E9D55A164}.Release|ARM.Build.0 = Release|Any CPU
		{EECA8D33-0704-4B4F-8028-B75E9D55A164}.Release|ARM64.ActiveCfg = Release|Any CPU
		{EECA8D33-0704-4B4F-8028-B75E9D55A164}.Release|ARM64.Build.0 = Release|Any CPU
		{EECA8D33-0704-4B4F-8028-B75E9D55A164}.Release|x64.ActiveCfg = Release|Any CPU
		{EECA8D33-0704-4B4F-8028-B75E9D55A164}.Release|x64.Build.0 = Release|Any CPU
		{EECA8D33-0704-4B4F-8028-B75E9D55A164}.Release|x86.ActiveCfg = Release|Any CPU
		{EECA8D33-0704-4B4F-8028-B75E9D55A164}.Release|x86.Build.0 = Release|Any CPU
		{E9556771-6CAC-4A3D-9FE6-B2AEE943A86D}.Debug|Any CPU.ActiveCfg = Debug|Any CPU
		{E9556771-6CAC-4A3D-9FE6-B2AEE943A86D}.Debug|Any CPU.Build.0 = Debug|Any CPU
		{E9556771-6CAC-4A3D-9FE6-B2AEE943A86D}.Debug|ARM.ActiveCfg = Debug|Any CPU
		{E9556771-6CAC-4A3D-9FE6-B2AEE943A86D}.Debug|ARM.Build.0 = Debug|Any CPU
		{E9556771-6CAC-4A3D-9FE6-B2AEE943A86D}.Debug|ARM64.ActiveCfg = Debug|Any CPU
		{E9556771-6CAC-4A3D-9FE6-B2AEE943A86D}.Debug|ARM64.Build.0 = Debug|Any CPU
		{E9556771-6CAC-4A3D-9FE6-B2AEE943A86D}.Debug|x64.ActiveCfg = Debug|Any CPU
		{E9556771-6CAC-4A3D-9FE6-B2AEE943A86D}.Debug|x64.Build.0 = Debug|Any CPU
		{E9556771-6CAC-4A3D-9FE6-B2AEE943A86D}.Debug|x86.ActiveCfg = Debug|Any CPU
		{E9556771-6CAC-4A3D-9FE6-B2AEE943A86D}.Debug|x86.Build.0 = Debug|Any CPU
		{E9556771-6CAC-4A3D-9FE6-B2AEE943A86D}.Release|Any CPU.ActiveCfg = Release|Any CPU
		{E9556771-6CAC-4A3D-9FE6-B2AEE943A86D}.Release|Any CPU.Build.0 = Release|Any CPU
		{E9556771-6CAC-4A3D-9FE6-B2AEE943A86D}.Release|ARM.ActiveCfg = Release|Any CPU
		{E9556771-6CAC-4A3D-9FE6-B2AEE943A86D}.Release|ARM.Build.0 = Release|Any CPU
		{E9556771-6CAC-4A3D-9FE6-B2AEE943A86D}.Release|ARM64.ActiveCfg = Release|Any CPU
		{E9556771-6CAC-4A3D-9FE6-B2AEE943A86D}.Release|ARM64.Build.0 = Release|Any CPU
		{E9556771-6CAC-4A3D-9FE6-B2AEE943A86D}.Release|x64.ActiveCfg = Release|Any CPU
		{E9556771-6CAC-4A3D-9FE6-B2AEE943A86D}.Release|x64.Build.0 = Release|Any CPU
		{E9556771-6CAC-4A3D-9FE6-B2AEE943A86D}.Release|x86.ActiveCfg = Release|Any CPU
		{E9556771-6CAC-4A3D-9FE6-B2AEE943A86D}.Release|x86.Build.0 = Release|Any CPU
		{1F0F0B26-AE62-4C44-901C-B3A3BE159184}.Debug|Any CPU.ActiveCfg = Debug|Any CPU
		{1F0F0B26-AE62-4C44-901C-B3A3BE159184}.Debug|ARM.ActiveCfg = Debug|Any CPU
		{1F0F0B26-AE62-4C44-901C-B3A3BE159184}.Debug|ARM64.ActiveCfg = Debug|Any CPU
		{1F0F0B26-AE62-4C44-901C-B3A3BE159184}.Debug|x64.ActiveCfg = Debug|Any CPU
		{1F0F0B26-AE62-4C44-901C-B3A3BE159184}.Debug|x86.ActiveCfg = Debug|Any CPU
		{1F0F0B26-AE62-4C44-901C-B3A3BE159184}.Release|Any CPU.ActiveCfg = Release|Any CPU
		{1F0F0B26-AE62-4C44-901C-B3A3BE159184}.Release|ARM.ActiveCfg = Release|Any CPU
		{1F0F0B26-AE62-4C44-901C-B3A3BE159184}.Release|ARM64.ActiveCfg = Release|Any CPU
		{1F0F0B26-AE62-4C44-901C-B3A3BE159184}.Release|x64.ActiveCfg = Release|Any CPU
		{1F0F0B26-AE62-4C44-901C-B3A3BE159184}.Release|x86.ActiveCfg = Release|Any CPU
		{B210F3C0-426A-482D-BE10-BC3EDF53BAA1}.Debug|Any CPU.ActiveCfg = Debug|x86
		{B210F3C0-426A-482D-BE10-BC3EDF53BAA1}.Debug|Any CPU.Build.0 = Debug|x86
		{B210F3C0-426A-482D-BE10-BC3EDF53BAA1}.Debug|Any CPU.Deploy.0 = Debug|x86
		{B210F3C0-426A-482D-BE10-BC3EDF53BAA1}.Debug|ARM.ActiveCfg = Debug|ARM
		{B210F3C0-426A-482D-BE10-BC3EDF53BAA1}.Debug|ARM.Build.0 = Debug|ARM
		{B210F3C0-426A-482D-BE10-BC3EDF53BAA1}.Debug|ARM.Deploy.0 = Debug|ARM
		{B210F3C0-426A-482D-BE10-BC3EDF53BAA1}.Debug|ARM64.ActiveCfg = Debug|ARM64
		{B210F3C0-426A-482D-BE10-BC3EDF53BAA1}.Debug|ARM64.Build.0 = Debug|ARM64
		{B210F3C0-426A-482D-BE10-BC3EDF53BAA1}.Debug|ARM64.Deploy.0 = Debug|ARM64
		{B210F3C0-426A-482D-BE10-BC3EDF53BAA1}.Debug|x64.ActiveCfg = Debug|x64
		{B210F3C0-426A-482D-BE10-BC3EDF53BAA1}.Debug|x64.Build.0 = Debug|x64
		{B210F3C0-426A-482D-BE10-BC3EDF53BAA1}.Debug|x64.Deploy.0 = Debug|x64
		{B210F3C0-426A-482D-BE10-BC3EDF53BAA1}.Debug|x86.ActiveCfg = Debug|x86
		{B210F3C0-426A-482D-BE10-BC3EDF53BAA1}.Debug|x86.Build.0 = Debug|x86
		{B210F3C0-426A-482D-BE10-BC3EDF53BAA1}.Debug|x86.Deploy.0 = Debug|x86
		{B210F3C0-426A-482D-BE10-BC3EDF53BAA1}.Release|Any CPU.ActiveCfg = Release|x86
		{B210F3C0-426A-482D-BE10-BC3EDF53BAA1}.Release|ARM.ActiveCfg = Release|ARM
		{B210F3C0-426A-482D-BE10-BC3EDF53BAA1}.Release|ARM.Build.0 = Release|ARM
		{B210F3C0-426A-482D-BE10-BC3EDF53BAA1}.Release|ARM.Deploy.0 = Release|ARM
		{B210F3C0-426A-482D-BE10-BC3EDF53BAA1}.Release|ARM64.ActiveCfg = Release|ARM64
		{B210F3C0-426A-482D-BE10-BC3EDF53BAA1}.Release|ARM64.Build.0 = Release|ARM64
		{B210F3C0-426A-482D-BE10-BC3EDF53BAA1}.Release|ARM64.Deploy.0 = Release|ARM64
		{B210F3C0-426A-482D-BE10-BC3EDF53BAA1}.Release|x64.ActiveCfg = Release|x64
		{B210F3C0-426A-482D-BE10-BC3EDF53BAA1}.Release|x64.Build.0 = Release|x64
		{B210F3C0-426A-482D-BE10-BC3EDF53BAA1}.Release|x64.Deploy.0 = Release|x64
		{B210F3C0-426A-482D-BE10-BC3EDF53BAA1}.Release|x86.ActiveCfg = Release|x86
		{B210F3C0-426A-482D-BE10-BC3EDF53BAA1}.Release|x86.Build.0 = Release|x86
		{B210F3C0-426A-482D-BE10-BC3EDF53BAA1}.Release|x86.Deploy.0 = Release|x86
	EndGlobalSection
	GlobalSection(SolutionProperties) = preSolution
		HideSolutionNode = FALSE
	EndGlobalSection
	GlobalSection(ExtensibilityGlobals) = postSolution
		SolutionGuid = {AD0A7600-7E40-4ABE-BD36-6030B0A8579E}
	EndGlobalSection
EndGlobal
